
Microsoft Visual Studio Solution File, Format Version 12.00
# Visual Studio Version 17
VisualStudioVersion = 17.14.36414.22 d17.14
MinimumVisualStudioVersion = 10.0.40219.1
Project("{FAE04EC0-301F-11D3-BF4B-00C04F79EFBC}") = "BITMasterTask", "BITMasterTask.csproj", "{75B421F4-51DC-4B57-B686-11A223236F5C}"
EndProject
Global
	GlobalSection(SolutionConfigurationPlatforms) = preSolution
		Debug|Any CPU = Debug|Any CPU
		Release|Any CPU = Release|Any CPU
	EndGlobalSection
	GlobalSection(ProjectConfigurationPlatforms) = postSolution
		{75B421F4-51DC-4B57-B686-11A223236F5C}.Debug|Any CPU.ActiveCfg = Debug|Any CPU
		{75B421F4-51DC-4B57-B686-11A223236F5C}.Debug|Any CPU.Build.0 = Debug|Any CPU
		{75B421F4-51DC-4B57-B686-11A223236F5C}.Release|Any CPU.ActiveCfg = Release|Any CPU
		{75B421F4-51DC-4B57-B686-11A223236F5C}.Release|Any CPU.Build.0 = Release|Any CPU
	EndGlobalSection
	GlobalSection(SolutionProperties) = preSolution
		HideSolutionNode = FALSE
	EndGlobalSection
	GlobalSection(ExtensibilityGlobals) = postSolution
		SolutionGuid = {BCF9FC10-8729-4242-A5DF-350432A507D9}
	EndGlobalSection
EndGlobal
